
Microsoft Visual Studio Solution File, Format Version 12.00
# Visual Studio Version 17
VisualStudioVersion = 17.14.36518.9 d17.14
MinimumVisualStudioVersion = 10.0.40219.1
Project("{FAE04EC0-301F-11D3-BF4B-00C04F79EFBC}") = "B and V Part 2", "B and V Part 2\B and V Part 2.csproj", "{A5ADE845-42F4-4B32-80B5-79980546B00C}"
EndProject
Global
	GlobalSection(SolutionConfigurationPlatforms) = preSolution
		Debug|Any CPU = Debug|Any CPU
		Release|Any CPU = Release|Any CPU
	EndGlobalSection
	GlobalSection(ProjectConfigurationPlatforms) = postSolution
		{A5ADE845-42F4-4B32-80B5-79980546B00C}.Debug|Any CPU.ActiveCfg = Debug|Any CPU
		{A5ADE845-42F4-4B32-80B5-79980546B00C}.Debug|Any CPU.Build.0 = Debug|Any CPU
		{A5ADE845-42F4-4B32-80B5-79980546B00C}.Release|Any CPU.ActiveCfg = Release|Any CPU
		{A5ADE845-42F4-4B32-80B5-79980546B00C}.Release|Any CPU.Build.0 = Release|Any CPU
	EndGlobalSection
	GlobalSection(SolutionProperties) = preSolution
		HideSolutionNode = FALSE
	EndGlobalSection
	GlobalSection(ExtensibilityGlobals) = postSolution
		SolutionGuid = {D61BA05F-4295-463C-8EDD-2E2A7F820B19}
	EndGlobalSection
EndGlobal
